[[tools.dotnet]]
version = "8.0.414"
backend = "asdf:dotnet"

[[tools."github:pulumi/pulumictl"]]
version = "0.0.50"
backend = "github:pulumi/pulumictl"

[tools."github:pulumi/pulumictl".platforms.macos-arm64]
checksum = "blake3:8d3e52adb952ce25649fa689702c1e80fa031ef636a0fc3f7e31bb0735d6faa7"
size = 26579429
url = "https://github.com/pulumi/pulumictl/releases/download/v0.0.50/pulumictl-v0.0.50-darwin-arm64.tar.gz"

[[tools."github:pulumi/schema-tools"]]
version = "0.6.0"
backend = "github:pulumi/schema-tools"

[tools."github:pulumi/schema-tools".platforms.macos-arm64]
checksum = "blake3:741e51e8faf48d6dd0e1d156af8f73e1ff59b9ef4a3598165704af3a9985b8b7"
size = 13591225
url = "https://github.com/pulumi/schema-tools/releases/download/v0.6.0/schema-tools-v0.6.0-darwin-arm64.tar.gz"

[[tools.go]]
version = "1.25.1"
backend = "core:go"

[tools.go.platforms.macos-arm64]
checksum = "sha256:68deebb214f39d542e518ebb0598a406ab1b5a22bba8ec9ade9f55fb4dd94a6c"
size = 57906702
url = "https://dl.google.com/go/go1.25.1.darwin-arm64.tar.gz"

[[tools.golangci-lint]]
version = "1.64.8"
backend = "aqua:golangci/golangci-lint"

[tools.golangci-lint.platforms.linux-x64]
checksum = "sha256:b6270687afb143d019f387c791cd2a6f1cb383be9b3124d241ca11bd3ce2e54e"
size = 12364828
url = "https://github.com/golangci/golangci-lint/releases/download/v1.64.8/golangci-lint-1.64.8-linux-amd64.tar.gz"

[[tools.gradle]]
version = "7.6.6"
backend = "aqua:gradle/gradle"

[tools.gradle.platforms.macos-arm64]
checksum = "blake3:5cad8fc455b720b68a0bd2907d435e2919581708243f84f27845fe8812a09323"
size = 128439774
url = "https://github.com/gradle/gradle-distributions/releases/download/v7.6.6/gradle-7.6.6-bin.zip"

[[tools.java]]
version = "corretto-11.0.28.6.1"
backend = "core:java"

[tools.java.platforms.macos-arm64]
checksum = "sha256:5fd69f12b4c961ed2fce17e29c1475f9a7b667cff0fe0a8ba26eb154ee0ede74"
size = 185512031
url = "https://corretto.aws/downloads/resources/11.0.28.6.1/amazon-corretto-11.0.28.6.1-macosx-aarch64.tar.gz"

[[tools.node]]
version = "20.19.5"
backend = "core:node"

[tools.node.platforms.macos-arm64]
checksum = "sha256:cfed7503d8d99fbcf2f52e408ec52f616058eb0867b34dbc3437259993ef5cba"
size = 41312337
url = "https://nodejs.org/dist/v20.19.5/node-v20.19.5-darwin-arm64.tar.gz"

[[tools.pulumi]]
version = "3.198.0"
backend = "aqua:pulumi/pulumi"

[tools.pulumi.platforms.macos-arm64]
checksum = "sha512:dd5eb03f37d8cbbc188a5d84738813352eb97b398bed95561503cb31a4d10842c0be833b5e11bc3374ee5ce4ec51e2a2587ff638394e40ec64f2b32c012d7066"
size = 85560552
url = "https://github.com/pulumi/pulumi/releases/download/v3.198.0/pulumi-v3.198.0-darwin-arm64.tar.gz"

[[tools.python]]
version = "3.11.8"
backend = "core:python"
